
Microsoft Visual Studio Solution File, Format Version 12.00
# Visual Studio Version 17
VisualStudioVersion = 17.2.32526.322
MinimumVisualStudioVersion = 10.0.40219.1
Project("{9A19103F-16F7-4668-BE54-9A1E7A4F7556}") = "Stella", "Stella\Stella.csproj", "{89458E00-DFC9-4180-AA3A-9A9596F9016B}"
EndProject
Global
	GlobalSection(SolutionConfigurationPlatforms) = preSolution
		Debug|Any CPU = Debug|Any CPU
		Release|Any CPU = Release|Any CPU
	EndGlobalSection
	GlobalSection(ProjectConfigurationPlatforms) = postSolution
		{89458E00-DFC9-4180-AA3A-9A9596F9016B}.Debug|Any CPU.ActiveCfg = Debug|Any CPU
		{89458E00-DFC9-4180-AA3A-9A9596F9016B}.Debug|Any CPU.Build.0 = Debug|Any CPU
		{89458E00-DFC9-4180-AA3A-9A9596F9016B}.Release|Any CPU.ActiveCfg = Release|Any CPU
		{89458E00-DFC9-4180-AA3A-9A9596F9016B}.Release|Any CPU.Build.0 = Release|Any CPU
	EndGlobalSection
	GlobalSection(SolutionProperties) = preSolution
		HideSolutionNode = FALSE
	EndGlobalSection
	GlobalSection(ExtensibilityGlobals) = postSolution
		SolutionGuid = {3EBF2DB9-3DE9-4B2A-9AE9-C799D3B6B188}
	EndGlobalSection
EndGlobal
